
Microsoft Visual Studio Solution File, Format Version 12.00
# Visual Studio Version 17
VisualStudioVersion = 17.3.32825.248
MinimumVisualStudioVersion = 10.0.40219.1
Project("{FAE04EC0-301F-11D3-BF4B-00C04F79EFBC}") = "AppEscritorioForms", "AppEscritorioForms\AppEscritorioForms.csproj", "{3578C81B-B45C-44E3-8CAE-A9EF197A1A3F}"
EndProject
Global
	GlobalSection(SolutionConfigurationPlatforms) = preSolution
		Debug|Any CPU = Debug|Any CPU
		Release|Any CPU = Release|Any CPU
	EndGlobalSection
	GlobalSection(ProjectConfigurationPlatforms) = postSolution
		{3578C81B-B45C-44E3-8CAE-A9EF197A1A3F}.Debug|Any CPU.ActiveCfg = Debug|Any CPU
		{3578C81B-B45C-44E3-8CAE-A9EF197A1A3F}.Debug|Any CPU.Build.0 = Debug|Any CPU
		{3578C81B-B45C-44E3-8CAE-A9EF197A1A3F}.Release|Any CPU.ActiveCfg = Release|Any CPU
		{3578C81B-B45C-44E3-8CAE-A9EF197A1A3F}.Release|Any CPU.Build.0 = Release|Any CPU
	EndGlobalSection
	GlobalSection(SolutionProperties) = preSolution
		HideSolutionNode = FALSE
	EndGlobalSection
	GlobalSection(ExtensibilityGlobals) = postSolution
		SolutionGuid = {C3EF7651-51C1-4188-8CC4-EE02F73B758A}
	EndGlobalSection
EndGlobal
